{
  "name": "carr-backend",
  "version": "1.0.0",
  "lockfileVersion": 3,
  "requires": true,
  "packages": {
    "": {
      "name": "carr-backend",
      "version": "1.0.0",
      "dependencies": {
        "cookie": "^0.7.2",
        "smartcar": "^10.4.0"
      },
      "engines": {
        "node": "20.x"
      }
    },
    "node_modules/cookie": {
      "version": "0.7.2",
      "resolved": "https://registry.npmjs.org/cookie/-/cookie-0.7.2.tgz",
      "integrity": "sha512-yki5XnKuf750l50uGTllt6kKILY4nQ1eNIQatoXEByZ5dWgnKqbnqmTrBE5B4N7lrMJKQ2ytWMiTO2o0v6Ew/w==",
      "license": "MIT",
      "engines": {
        "node": ">= 0.6"
      }
    },
    "node_modules/lodash": {
      "version": "4.18.1",
      "resolved": "https://registry.npmjs.org/lodash/-/lodash-4.18.1.tgz",
      "integrity": "sha512-dMInicTPVE8d1e5otfwmmjlxkZoUpiVLwyeTdUsi/Caj/gfzzblBcCE5sRHV/AsjuCmxWrte2TNGSYuCeCq+0Q==",
      "license": "MIT"
    },
    "node_modules/smartcar": {
      "version": "10.4.0",
      "resolved": "https://registry.npmjs.org/smartcar/-/smartcar-10.4.0.tgz",
      "integrity": "sha512-ahYW9Y0U72M3bhQXOi5nVEuckUzMOq3xMgywfwCjb/rze8l4LjKeBM8L/U/L4fs6/r55tkq90uB2DOFHbCVtUw==",
      "license": "MIT",
      "dependencies": {
        "lodash": "^4.17.5"
      },
      "engines": {
        "node": ">=18.20.0",
        "npm": ">=8.3.0"
      }
    }
  }
}
